
Microsoft Visual Studio Solution File, Format Version 12.00
# Visual Studio Version 17
VisualStudioVersion = 17.6.33712.159
MinimumVisualStudioVersion = 10.0.40219.1
Project("{F184B08F-C81C-45F6-A57F-5ABD9991F28F}") = "Soucet_EP1B-B", "Soucet_EP1B-B\Soucet_EP1B-B.vbproj", "{C97045AE-7448-4AE0-9B0E-5CE1550C60E5}"
EndProject
Global
	GlobalSection(SolutionConfigurationPlatforms) = preSolution
		Debug|Any CPU = Debug|Any CPU
		Release|Any CPU = Release|Any CPU
	EndGlobalSection
	GlobalSection(ProjectConfigurationPlatforms) = postSolution
		{C97045AE-7448-4AE0-9B0E-5CE1550C60E5}.Debug|Any CPU.ActiveCfg = Debug|Any CPU
		{C97045AE-7448-4AE0-9B0E-5CE1550C60E5}.Debug|Any CPU.Build.0 = Debug|Any CPU
		{C97045AE-7448-4AE0-9B0E-5CE1550C60E5}.Release|Any CPU.ActiveCfg = Release|Any CPU
		{C97045AE-7448-4AE0-9B0E-5CE1550C60E5}.Release|Any CPU.Build.0 = Release|Any CPU
	EndGlobalSection
	GlobalSection(SolutionProperties) = preSolution
		HideSolutionNode = FALSE
	EndGlobalSection
	GlobalSection(ExtensibilityGlobals) = postSolution
		SolutionGuid = {9F62970D-CCE7-4C6C-994D-6267CB7FCA63}
	EndGlobalSection
EndGlobal
